
Microsoft Visual Studio Solution File, Format Version 12.00
# Visual Studio Version 16
VisualStudioVersion = 16.0.29215.179
MinimumVisualStudioVersion = 10.0.40219.1
Project("{FAE04EC0-301F-11D3-BF4B-00C04F79EFBC}") = "NeuralNetwork.Demo", "NeuralNetwork.Demo\NeuralNetwork.Demo.csproj", "{E7CE8967-AB92-42ED-866D-C96128A56606}"
EndProject
Project("{FAE04EC0-301F-11D3-BF4B-00C04F79EFBC}") = "NeuralNetwork.BL", "NeuralNetwork.BL\NeuralNetwork.BL.csproj", "{6E029F22-6989-4C46-AEFE-8EEE159B81BF}"
EndProject
Global
	GlobalSection(SolutionConfigurationPlatforms) = preSolution
		Debug|Any CPU = Debug|Any CPU
		Release|Any CPU = Release|Any CPU
	EndGlobalSection
	GlobalSection(ProjectConfigurationPlatforms) = postSolution
		{E7CE8967-AB92-42ED-866D-C96128A56606}.Debug|Any CPU.ActiveCfg = Debug|Any CPU
		{E7CE8967-AB92-42ED-866D-C96128A56606}.Debug|Any CPU.Build.0 = Debug|Any CPU
		{E7CE8967-AB92-42ED-866D-C96128A56606}.Release|Any CPU.ActiveCfg = Release|Any CPU
		{E7CE8967-AB92-42ED-866D-C96128A56606}.Release|Any CPU.Build.0 = Release|Any CPU
		{6E029F22-6989-4C46-AEFE-8EEE159B81BF}.Debug|Any CPU.ActiveCfg = Debug|Any CPU
		{6E029F22-6989-4C46-AEFE-8EEE159B81BF}.Debug|Any CPU.Build.0 = Debug|Any CPU
		{6E029F22-6989-4C46-AEFE-8EEE159B81BF}.Release|Any CPU.ActiveCfg = Release|Any CPU
		{6E029F22-6989-4C46-AEFE-8EEE159B81BF}.Release|Any CPU.Build.0 = Release|Any CPU
	EndGlobalSection
	GlobalSection(SolutionProperties) = preSolution
		HideSolutionNode = FALSE
	EndGlobalSection
	GlobalSection(ExtensibilityGlobals) = postSolution
		SolutionGuid = {12788DF4-FB3E-4336-8EA3-CC228437D2FA}
	EndGlobalSection
EndGlobal
